
Microsoft Visual Studio Solution File, Format Version 12.00
# Visual Studio Version 16
VisualStudioVersion = 16.0.30011.22
MinimumVisualStudioVersion = 10.0.40219.1
Project("{FAE04EC0-301F-11D3-BF4B-00C04F79EFBC}") = "bepet_4", "bepet_4\bepet_4.csproj", "{DBEC1D14-E190-476B-9D76-915884A207B2}"
EndProject
Global
	GlobalSection(SolutionConfigurationPlatforms) = preSolution
		Debug|Any CPU = Debug|Any CPU
		Release|Any CPU = Release|Any CPU
	EndGlobalSection
	GlobalSection(ProjectConfigurationPlatforms) = postSolution
		{DBEC1D14-E190-476B-9D76-915884A207B2}.Debug|Any CPU.ActiveCfg = Debug|Any CPU
		{DBEC1D14-E190-476B-9D76-915884A207B2}.Debug|Any CPU.Build.0 = Debug|Any CPU
		{DBEC1D14-E190-476B-9D76-915884A207B2}.Release|Any CPU.ActiveCfg = Release|Any CPU
		{DBEC1D14-E190-476B-9D76-915884A207B2}.Release|Any CPU.Build.0 = Release|Any CPU
	EndGlobalSection
	GlobalSection(SolutionProperties) = preSolution
		HideSolutionNode = FALSE
	EndGlobalSection
	GlobalSection(ExtensibilityGlobals) = postSolution
		SolutionGuid = {5416EE28-3789-4F60-8061-7D1912E484BD}
	EndGlobalSection
EndGlobal
