
Microsoft Visual Studio Solution File, Format Version 12.00
# Visual Studio Version 16
VisualStudioVersion = 16.0.30621.155
MinimumVisualStudioVersion = 10.0.40219.1
Project("{FAE04EC0-301F-11D3-BF4B-00C04F79EFBC}") = "5.client", "5.client\5.client.csproj", "{40FFA6CD-EC74-45C9-9F29-76A3A02462DC}"
EndProject
Project("{FAE04EC0-301F-11D3-BF4B-00C04F79EFBC}") = "5.server", "5.server\5.server.csproj", "{DC9094E1-A7C7-474D-8496-E6393F1757E4}"
EndProject
Project("{FAE04EC0-301F-11D3-BF4B-00C04F79EFBC}") = "5.web", "5.web\5.web.csproj", "{12CAD6BE-28B6-4456-8F02-406E33F97FC8}"
EndProject
Global
	GlobalSection(SolutionConfigurationPlatforms) = preSolution
		Debug|Any CPU = Debug|Any CPU
		Release|Any CPU = Release|Any CPU
	EndGlobalSection
	GlobalSection(ProjectConfigurationPlatforms) = postSolution
		{40FFA6CD-EC74-45C9-9F29-76A3A02462DC}.Debug|Any CPU.ActiveCfg = Debug|Any CPU
		{40FFA6CD-EC74-45C9-9F29-76A3A02462DC}.Debug|Any CPU.Build.0 = Debug|Any CPU
		{40FFA6CD-EC74-45C9-9F29-76A3A02462DC}.Release|Any CPU.ActiveCfg = Release|Any CPU
		{40FFA6CD-EC74-45C9-9F29-76A3A02462DC}.Release|Any CPU.Build.0 = Release|Any CPU
		{DC9094E1-A7C7-474D-8496-E6393F1757E4}.Debug|Any CPU.ActiveCfg = Debug|Any CPU
		{DC9094E1-A7C7-474D-8496-E6393F1757E4}.Debug|Any CPU.Build.0 = Debug|Any CPU
		{DC9094E1-A7C7-474D-8496-E6393F1757E4}.Release|Any CPU.ActiveCfg = Release|Any CPU
		{DC9094E1-A7C7-474D-8496-E6393F1757E4}.Release|Any CPU.Build.0 = Release|Any CPU
		{12CAD6BE-28B6-4456-8F02-406E33F97FC8}.Debug|Any CPU.ActiveCfg = Debug|Any CPU
		{12CAD6BE-28B6-4456-8F02-406E33F97FC8}.Debug|Any CPU.Build.0 = Debug|Any CPU
		{12CAD6BE-28B6-4456-8F02-406E33F97FC8}.Release|Any CPU.ActiveCfg = Release|Any CPU
		{12CAD6BE-28B6-4456-8F02-406E33F97FC8}.Release|Any CPU.Build.0 = Release|Any CPU
	EndGlobalSection
	GlobalSection(SolutionProperties) = preSolution
		HideSolutionNode = FALSE
	EndGlobalSection
	GlobalSection(ExtensibilityGlobals) = postSolution
		SolutionGuid = {7007513E-CFF0-4D86-83F3-AF06FD9D81F4}
	EndGlobalSection
EndGlobal
