
Microsoft Visual Studio Solution File, Format Version 12.00
# Visual Studio Version 16
VisualStudioVersion = 16.0.30621.155
MinimumVisualStudioVersion = 10.0.40219.1
Project("{FAE04EC0-301F-11D3-BF4B-00C04F79EFBC}") = "kr4", "kr4\kr4.csproj", "{564A4352-DBD1-4E6F-BB05-0E0DD80F3B41}"
EndProject
Global
	GlobalSection(SolutionConfigurationPlatforms) = preSolution
		Debug|Any CPU = Debug|Any CPU
		Release|Any CPU = Release|Any CPU
	EndGlobalSection
	GlobalSection(ProjectConfigurationPlatforms) = postSolution
		{564A4352-DBD1-4E6F-BB05-0E0DD80F3B41}.Debug|Any CPU.ActiveCfg = Debug|Any CPU
		{564A4352-DBD1-4E6F-BB05-0E0DD80F3B41}.Debug|Any CPU.Build.0 = Debug|Any CPU
		{564A4352-DBD1-4E6F-BB05-0E0DD80F3B41}.Release|Any CPU.ActiveCfg = Release|Any CPU
		{564A4352-DBD1-4E6F-BB05-0E0DD80F3B41}.Release|Any CPU.Build.0 = Release|Any CPU
	EndGlobalSection
	GlobalSection(SolutionProperties) = preSolution
		HideSolutionNode = FALSE
	EndGlobalSection
	GlobalSection(ExtensibilityGlobals) = postSolution
		SolutionGuid = {0EC7FB1D-3EFA-417E-BC4B-F9E8FA858F11}
	EndGlobalSection
EndGlobal
